Microsoft Visual Studio Solution File, Format Version 12.00
# Visual Studio 2012
Project("{FAE04EC0-301F-11D3-BF4B-00C04F79EFBC}") = "LumiVerse-Framework1", "LumiVerse-Framework1.csproj", "{5C2BEE74-074B-4DD2-B542-BF89CC7D8138}"
EndProject
Global
	GlobalSection(SolutionConfigurationPlatforms) = preSolution
	Debug|Any CPU = Debug|Any CPU
	ExportDebug|Any CPU = ExportDebug|Any CPU
	ExportRelease|Any CPU = ExportRelease|Any CPU
	EndGlobalSection
	GlobalSection(ProjectConfigurationPlatforms) = postSolution
		{5C2BEE74-074B-4DD2-B542-BF89CC7D8138}.Debug|Any CPU.ActiveCfg = Debug|Any CPU
		{5C2BEE74-074B-4DD2-B542-BF89CC7D8138}.Debug|Any CPU.Build.0 = Debug|Any CPU
		{5C2BEE74-074B-4DD2-B542-BF89CC7D8138}.ExportDebug|Any CPU.ActiveCfg = ExportDebug|Any CPU
		{5C2BEE74-074B-4DD2-B542-BF89CC7D8138}.ExportDebug|Any CPU.Build.0 = ExportDebug|Any CPU
		{5C2BEE74-074B-4DD2-B542-BF89CC7D8138}.ExportRelease|Any CPU.ActiveCfg = ExportRelease|Any CPU
		{5C2BEE74-074B-4DD2-B542-BF89CC7D8138}.ExportRelease|Any CPU.Build.0 = ExportRelease|Any CPU
	EndGlobalSection
EndGlobal
